
Microsoft Visual Studio Solution File, Format Version 12.00
# Visual Studio 14
VisualStudioVersion = 14.0.24720.0
MinimumVisualStudioVersion = 10.0.40219.1
Project("{8BC9CEB8-8B4A-11D0-8D11-00A0C91BC942}") = "Game", "Game\Game.vcxproj", "{D5718C16-5B46-403B-AA3C-2976B99C345A}"
EndProject
Project("{FAE04EC0-301F-11D3-BF4B-00C04F79EFBC}") = "DbGen", "DbGen\DbGen.csproj", "{99CC4999-B897-44E4-86C6-77D317F0287F}"
EndProject
Global
	GlobalSection(SolutionConfigurationPlatforms) = preSolution
		Debug|Any CPU = Debug|Any CPU
		Debug|Mixed Platforms = Debug|Mixed Platforms
		Debug|Win32 = Debug|Win32
		Debug|x64 = Debug|x64
		Debug|x86 = Debug|x86
		Profiling|Any CPU = Profiling|Any CPU
		Profiling|Mixed Platforms = Profiling|Mixed Platforms
		Profiling|Win32 = Profiling|Win32
		Profiling|x64 = Profiling|x64
		Profiling|x86 = Profiling|x86
		Release|Any CPU = Release|Any CPU
		Release|Mixed Platforms = Release|Mixed Platforms
		Release|Win32 = Release|Win32
		Release|x64 = Release|x64
		Release|x86 = Release|x86
	EndGlobalSection
	GlobalSection(ProjectConfigurationPlatforms) = postSolution
		{D5718C16-5B46-403B-AA3C-2976B99C345A}.Debug|Any CPU.ActiveCfg = Debug|Win32
		{D5718C16-5B46-403B-AA3C-2976B99C345A}.Debug|Mixed Platforms.ActiveCfg = Debug|Win32
		{D5718C16-5B46-403B-AA3C-2976B99C345A}.Debug|Mixed Platforms.Build.0 = Debug|Win32
		{D5718C16-5B46-403B-AA3C-2976B99C345A}.Debug|Win32.ActiveCfg = Debug|Win32
		{D5718C16-5B46-403B-AA3C-2976B99C345A}.Debug|Win32.Build.0 = Debug|Win32
		{D5718C16-5B46-403B-AA3C-2976B99C345A}.Debug|x64.ActiveCfg = Debug|x64
		{D5718C16-5B46-403B-AA3C-2976B99C345A}.Debug|x64.Build.0 = Debug|x64
		{D5718C16-5B46-403B-AA3C-2976B99C345A}.Debug|x86.ActiveCfg = Debug|Win32
		{D5718C16-5B46-403B-AA3C-2976B99C345A}.Debug|x86.Build.0 = Debug|Win32
		{D5718C16-5B46-403B-AA3C-2976B99C345A}.Profiling|Any CPU.ActiveCfg = Release|x64
		{D5718C16-5B46-403B-AA3C-2976B99C345A}.Profiling|Any CPU.Build.0 = Release|x64
		{D5718C16-5B46-403B-AA3C-2976B99C345A}.Profiling|Mixed Platforms.ActiveCfg = Release|Win32
		{D5718C16-5B46-403B-AA3C-2976B99C345A}.Profiling|Mixed Platforms.Build.0 = Release|Win32
		{D5718C16-5B46-403B-AA3C-2976B99C345A}.Profiling|Win32.ActiveCfg = Release|Win32
		{D5718C16-5B46-403B-AA3C-2976B99C345A}.Profiling|Win32.Build.0 = Release|Win32
		{D5718C16-5B46-403B-AA3C-2976B99C345A}.Profiling|x64.ActiveCfg = Release|x64
		{D5718C16-5B46-403B-AA3C-2976B99C345A}.Profiling|x64.Build.0 = Release|x64
		{D5718C16-5B46-403B-AA3C-2976B99C345A}.Profiling|x86.ActiveCfg = Release|Win32
		{D5718C16-5B46-403B-AA3C-2976B99C345A}.Profiling|x86.Build.0 = Release|Win32
		{D5718C16-5B46-403B-AA3C-2976B99C345A}.Release|Any CPU.ActiveCfg = Release|Win32
		{D5718C16-5B46-403B-AA3C-2976B99C345A}.Release|Mixed Platforms.ActiveCfg = Release|Win32
		{D5718C16-5B46-403B-AA3C-2976B99C345A}.Release|Mixed Platforms.Build.0 = Release|Win32
		{D5718C16-5B46-403B-AA3C-2976B99C345A}.Release|Win32.ActiveCfg = Release|Win32
		{D5718C16-5B46-403B-AA3C-2976B99C345A}.Release|Win32.Build.0 = Release|Win32
		{D5718C16-5B46-403B-AA3C-2976B99C345A}.Release|x64.ActiveCfg = Release|x64
		{D5718C16-5B46-403B-AA3C-2976B99C345A}.Release|x64.Build.0 = Release|x64
		{D5718C16-5B46-403B-AA3C-2976B99C345A}.Release|x86.ActiveCfg = Release|Win32
		{D5718C16-5B46-403B-AA3C-2976B99C345A}.Release|x86.Build.0 = Release|Win32
		{99CC4999-B897-44E4-86C6-77D317F0287F}.Debug|Any CPU.ActiveCfg = Debug|Any CPU
		{99CC4999-B897-44E4-86C6-77D317F0287F}.Debug|Any CPU.Build.0 = Debug|Any CPU
		{99CC4999-B897-44E4-86C6-77D317F0287F}.Debug|Mixed Platforms.ActiveCfg = Debug|Any CPU
		{99CC4999-B897-44E4-86C6-77D317F0287F}.Debug|Mixed Platforms.Build.0 = Debug|Any CPU
		{99CC4999-B897-44E4-86C6-77D317F0287F}.Debug|Win32.ActiveCfg = Debug|Any CPU
		{99CC4999-B897-44E4-86C6-77D317F0287F}.Debug|Win32.Build.0 = Debug|Any CPU
		{99CC4999-B897-44E4-86C6-77D317F0287F}.Debug|x64.ActiveCfg = Debug|Any CPU
		{99CC4999-B897-44E4-86C6-77D317F0287F}.Debug|x64.Build.0 = Debug|Any CPU
		{99CC4999-B897-44E4-86C6-77D317F0287F}.Debug|x86.ActiveCfg = Debug|Any CPU
		{99CC4999-B897-44E4-86C6-77D317F0287F}.Debug|x86.Build.0 = Debug|Any CPU
		{99CC4999-B897-44E4-86C6-77D317F0287F}.Profiling|Any CPU.ActiveCfg = Release|Any CPU
		{99CC4999-B897-44E4-86C6-77D317F0287F}.Profiling|Any CPU.Build.0 = Release|Any CPU
		{99CC4999-B897-44E4-86C6-77D317F0287F}.Profiling|Mixed Platforms.ActiveCfg = Release|Any CPU
		{99CC4999-B897-44E4-86C6-77D317F0287F}.Profiling|Mixed Platforms.Build.0 = Release|Any CPU
		{99CC4999-B897-44E4-86C6-77D317F0287F}.Profiling|Win32.ActiveCfg = Release|Any CPU
		{99CC4999-B897-44E4-86C6-77D317F0287F}.Profiling|Win32.Build.0 = Release|Any CPU
		{99CC4999-B897-44E4-86C6-77D317F0287F}.Profiling|x64.ActiveCfg = Release|Any CPU
		{99CC4999-B897-44E4-86C6-77D317F0287F}.Profiling|x64.Build.0 = Release|Any CPU
		{99CC4999-B897-44E4-86C6-77D317F0287F}.Profiling|x86.ActiveCfg = Release|Any CPU
		{99CC4999-B897-44E4-86C6-77D317F0287F}.Profiling|x86.Build.0 = Release|Any CPU
		{99CC4999-B897-44E4-86C6-77D317F0287F}.Release|Any CPU.ActiveCfg = Release|Any CPU
		{99CC4999-B897-44E4-86C6-77D317F0287F}.Release|Any CPU.Build.0 = Release|Any CPU
		{99CC4999-B897-44E4-86C6-77D317F0287F}.Release|Mixed Platforms.ActiveCfg = Release|Any CPU
		{99CC4999-B897-44E4-86C6-77D317F0287F}.Release|Mixed Platforms.Build.0 = Release|Any CPU
		{99CC4999-B897-44E4-86C6-77D317F0287F}.Release|Win32.ActiveCfg = Release|Any CPU
		{99CC4999-B897-44E4-86C6-77D317F0287F}.Release|Win32.Build.0 = Release|Any CPU
		{99CC4999-B897-44E4-86C6-77D317F0287F}.Release|x64.ActiveCfg = Release|Any CPU
		{99CC4999-B897-44E4-86C6-77D317F0287F}.Release|x64.Build.0 = Release|Any CPU
		{99CC4999-B897-44E4-86C6-77D317F0287F}.Release|x86.ActiveCfg = Release|Any CPU
		{99CC4999-B897-44E4-86C6-77D317F0287F}.Release|x86.Build.0 = Release|Any CPU
	EndGlobalSection
	GlobalSection(SolutionProperties) = preSolution
		HideSolutionNode = FALSE
	EndGlobalSection
EndGlobal
