<?xml version="1.0" encoding="utf-8"?>
<Project ToolsVersion="4.0" xmlns="http://schemas.microsoft.com/developer/msbuild/2003">
  <ItemGroup>
    <Filter Include="Source Files">
      <UniqueIdentifier>{4FC737F1-C7A5-4376-A066-2A32D752A2FF}</UniqueIdentifier>
      <Extensions>cpp;c;cc;cxx;def;odl;idl;hpj;bat;asm;asmx</Extensions>
    </Filter>
    <Filter Include="Header Files">
      <UniqueIdentifier>{93995380-89BD-4b04-88EB-625FBE52EBFB}</UniqueIdentifier>
      <Extensions>h;hh;hpp;hxx;hm;inl;inc;xsd</Extensions>
    </Filter>
    <Filter Include="Resource Files">
      <UniqueIdentifier>{67DA6AB6-F800-4c08-8B7A-83BB121AAD01}</UniqueIdentifier>
      <Extensions>rc;ico;cur;bmp;dlg;rc2;rct;bin;rgs;gif;jpg;jpeg;jpe;resx;tiff;tif;png;wav;mfcribbon-ms</Extensions>
    </Filter>
  </ItemGroup>
  <ItemGroup>
    <ClInclude Include="Math.h">
      <Filter>Header Files</Filter>
    </ClInclude>
    <ClInclude Include="Concurrency\Thread.h">
      <Filter>Header Files</Filter>
    </ClInclude>
    <ClInclude Include="Concurrency\Scheduler.h">
      <Filter>Header Files</Filter>
    </ClInclude>
    <ClInclude Include="Database\FindAntiJoin.h">
      <Filter>Header Files</Filter>
    </ClInclude>
    <ClInclude Include="Database\FindJoin.h">
      <Filter>Header Files</Filter>
    </ClInclude>
    <ClInclude Include="Database\FindOuterJoin.h">
      <Filter>Header Files</Filter>
    </ClInclude>
    <ClInclude Include="Database\MergeAntiJoin.h">
      <Filter>Header Files</Filter>
    </ClInclude>
    <ClInclude Include="Database\MergeJoin.h">
      <Filter>Header Files</Filter>
    </ClInclude>
    <ClInclude Include="Database\MergeOuterJoin.h">
      <Filter>Header Files</Filter>
    </ClInclude>
    <ClInclude Include="Database\Query.h">
      <Filter>Header Files</Filter>
    </ClInclude>
    <ClInclude Include="Database\Universe.h">
      <Filter>Header Files</Filter>
    </ClInclude>
    <ClInclude Include="Database\Columnar.h">
      <Filter>Header Files</Filter>
    </ClInclude>
    <ClInclude Include="Database\FlatTable.h">
      <Filter>Header Files</Filter>
    </ClInclude>
    <ClInclude Include="Database\Index.h">
      <Filter>Header Files</Filter>
    </ClInclude>
    <ClInclude Include="Database\MaybeRow.h">
      <Filter>Header Files</Filter>
    </ClInclude>
    <ClInclude Include="Database\MBPlusTree.h">
      <Filter>Header Files</Filter>
    </ClInclude>
    <ClInclude Include="Database\Name.h">
      <Filter>Header Files</Filter>
    </ClInclude>
    <ClInclude Include="Database\NamedRows.h">
      <Filter>Header Files</Filter>
    </ClInclude>
    <ClInclude Include="Database\Row.h">
      <Filter>Header Files</Filter>
    </ClInclude>
    <ClInclude Include="Database\Sentinels.h">
      <Filter>Header Files</Filter>
    </ClInclude>
    <ClInclude Include="Database\Table.h">
      <Filter>Header Files</Filter>
    </ClInclude>
    <ClInclude Include="Core\Frame.h">
      <Filter>Header Files</Filter>
    </ClInclude>
    <ClInclude Include="Core\stdafx.h">
      <Filter>Header Files</Filter>
    </ClInclude>
    <ClInclude Include="Core\targetver.h">
      <Filter>Header Files</Filter>
    </ClInclude>
    <ClInclude Include="Core\Timer.h">
      <Filter>Header Files</Filter>
    </ClInclude>
    <ClInclude Include="Core\Utils.h">
      <Filter>Header Files</Filter>
    </ClInclude>
    <ClInclude Include="Concurrency\Task.h">
      <Filter>Header Files</Filter>
    </ClInclude>
    <ClInclude Include="Concurrency\Mutex.h">
      <Filter>Header Files</Filter>
    </ClInclude>
    <ClInclude Include="Concurrency\Event.h">
      <Filter>Header Files</Filter>
    </ClInclude>
    <ClInclude Include="Concurrency\Promise.h">
      <Filter>Header Files</Filter>
    </ClInclude>
  </ItemGroup>
  <ItemGroup>
    <ClCompile Include="Concurrency\Scheduler.cpp">
      <Filter>Source Files</Filter>
    </ClCompile>
    <ClCompile Include="Core\Forgotten.cpp">
      <Filter>Source Files</Filter>
    </ClCompile>
    <ClCompile Include="Core\stdafx.cpp">
      <Filter>Source Files</Filter>
    </ClCompile>
    <ClCompile Include="Concurrency\Task.cpp">
      <Filter>Source Files</Filter>
    </ClCompile>
    <ClCompile Include="Core\Utils.cpp">
      <Filter>Source Files</Filter>
    </ClCompile>
    <ClCompile Include="Concurrency\Mutex.cpp">
      <Filter>Source Files</Filter>
    </ClCompile>
    <ClCompile Include="Concurrency\Event.cpp">
      <Filter>Source Files</Filter>
    </ClCompile>
  </ItemGroup>
</Project>