<?xml version="1.0" encoding="utf-8"?>
<Project ToolsVersion="4.0" xmlns="http://schemas.microsoft.com/developer/msbuild/2003">
  <ItemGroup>
    <Filter Include="Source Files">
      <UniqueIdentifier>{4FC737F1-C7A5-4376-A066-2A32D752A2FF}</UniqueIdentifier>
      <Extensions>cpp;c;cc;cxx;def;odl;idl;hpj;bat;asm;asmx</Extensions>
    </Filter>
    <Filter Include="Header Files">
      <UniqueIdentifier>{93995380-89BD-4b04-88EB-625FBE52EBFB}</UniqueIdentifier>
      <Extensions>h;hh;hpp;hxx;hm;inl;inc;xsd</Extensions>
    </Filter>
    <Filter Include="Shaders">
      <UniqueIdentifier>{99d09a0b-1284-4e3d-9847-4351daf500ee}</UniqueIdentifier>
    </Filter>
    <Filter Include="Content">
      <UniqueIdentifier>{2b14cdac-55f2-45e6-8259-6cb15b912776}</UniqueIdentifier>
    </Filter>
  </ItemGroup>
  <ItemGroup>
    <ClInclude Include="stdafx.h">
      <Filter>Header Files</Filter>
    </ClInclude>
    <ClInclude Include="targetver.h">
      <Filter>Header Files</Filter>
    </ClInclude>
    <ClInclude Include="Utils.h">
      <Filter>Header Files</Filter>
    </ClInclude>
    <ClInclude Include="Usings.h">
      <Filter>Header Files</Filter>
    </ClInclude>
    <ClInclude Include="SingleSpriteShader.h">
      <Filter>Shaders</Filter>
    </ClInclude>
    <ClInclude Include="ElementSpriteShader.h">
      <Filter>Shaders</Filter>
    </ClInclude>
    <ClInclude Include="Row.h">
      <Filter>Header Files</Filter>
    </ClInclude>
    <ClInclude Include="Columnar.h">
      <Filter>Header Files</Filter>
    </ClInclude>
    <ClInclude Include="Tuning.h">
      <Filter>Header Files</Filter>
    </ClInclude>
    <ClInclude Include="Sentinels.h">
      <Filter>Header Files</Filter>
    </ClInclude>
    <ClInclude Include="MergeJoin.h">
      <Filter>Header Files</Filter>
    </ClInclude>
    <ClInclude Include="FindJoin.h">
      <Filter>Header Files</Filter>
    </ClInclude>
    <ClInclude Include="SmoothSort.h">
      <Filter>Header Files</Filter>
    </ClInclude>
    <ClInclude Include="MBPlusTree.h">
      <Filter>Header Files</Filter>
    </ClInclude>
    <ClInclude Include="Query.h">
      <Filter>Header Files</Filter>
    </ClInclude>
    <ClInclude Include="NamedRows.h">
      <Filter>Header Files</Filter>
    </ClInclude>
    <ClInclude Include="Name.h">
      <Filter>Header Files</Filter>
    </ClInclude>
    <ClInclude Include="FlatTable.h">
      <Filter>Header Files</Filter>
    </ClInclude>
    <ClInclude Include="Table.h">
      <Filter>Header Files</Filter>
    </ClInclude>
    <ClInclude Include="Universe.h">
      <Filter>Header Files</Filter>
    </ClInclude>
    <ClInclude Include="Index.h">
      <Filter>Header Files</Filter>
    </ClInclude>
  </ItemGroup>
  <ItemGroup>
    <ClCompile Include="stdafx.cpp">
      <Filter>Source Files</Filter>
    </ClCompile>
    <ClCompile Include="Forgotten.cpp">
      <Filter>Source Files</Filter>
    </ClCompile>
  </ItemGroup>
  <ItemGroup>
    <None Include="data\shaders\SingleSprite.fs.glsl">
      <Filter>Shaders</Filter>
    </None>
    <None Include="data\shaders\SingleSprite.vs.glsl">
      <Filter>Shaders</Filter>
    </None>
    <None Include="data\shaders\ElementSprite.fs.glsl">
      <Filter>Shaders</Filter>
    </None>
    <None Include="data\shaders\ElementSprite.vs.glsl">
      <Filter>Shaders</Filter>
    </None>
  </ItemGroup>
  <ItemGroup>
    <Image Include="data\sprite_default.bmp">
      <Filter>Content</Filter>
    </Image>
    <Image Include="data\textures\diffuse\player_walk_0.png" />
    <Image Include="data\textures\16\diffuse\player_walk_0.png">
      <Filter>Content</Filter>
    </Image>
    <Image Include="data\textures\16\diffuse\player_walk_1.png">
      <Filter>Content</Filter>
    </Image>
    <Image Include="data\textures\16\diffuse\player_walk_2.png">
      <Filter>Content</Filter>
    </Image>
    <Image Include="data\textures\16\diffuse\player_walk_3.png">
      <Filter>Content</Filter>
    </Image>
    <Image Include="data\textures\16\diffuse\player_walk_4.png">
      <Filter>Content</Filter>
    </Image>
    <Image Include="data\textures\16\diffuse\player_walk_5.png">
      <Filter>Content</Filter>
    </Image>
  </ItemGroup>
</Project>